
Microsoft Visual Studio Solution File, Format Version 12.00
# Visual Studio 15
VisualStudioVersion = 15.0.28307.645
MinimumVisualStudioVersion = 10.0.40219.1
Project("{FAE04EC0-301F-11D3-BF4B-00C04F79EFBC}") = "SaspiesanasAlgoritmi", "SaspiesanasAlgoritmi\SaspiesanasAlgoritmi.csproj", "{2539BC84-7095-4A99-9C40-DCB7931436F2}"
EndProject
Global
	GlobalSection(SolutionConfigurationPlatforms) = preSolution
		Debug|Any CPU = Debug|Any CPU
		Release|Any CPU = Release|Any CPU
	EndGlobalSection
	GlobalSection(ProjectConfigurationPlatforms) = postSolution
		{2539BC84-7095-4A99-9C40-DCB7931436F2}.Debug|Any CPU.ActiveCfg = Debug|Any CPU
		{2539BC84-7095-4A99-9C40-DCB7931436F2}.Debug|Any CPU.Build.0 = Debug|Any CPU
		{2539BC84-7095-4A99-9C40-DCB7931436F2}.Release|Any CPU.ActiveCfg = Release|Any CPU
		{2539BC84-7095-4A99-9C40-DCB7931436F2}.Release|Any CPU.Build.0 = Release|Any CPU
	EndGlobalSection
	GlobalSection(SolutionProperties) = preSolution
		HideSolutionNode = FALSE
	EndGlobalSection
	GlobalSection(ExtensibilityGlobals) = postSolution
		SolutionGuid = {30819B84-DC0F-4B00-BAEE-7B15979006F7}
	EndGlobalSection
EndGlobal
